
Microsoft Visual Studio Solution File, Format Version 12.00
# Visual Studio 14
VisualStudioVersion = 14.0.25123.0
MinimumVisualStudioVersion = 10.0.40219.1
Project("{FAE04EC0-301F-11D3-BF4B-00C04F79EFBC}") = "MVCLearning", "MVCLearning\MVCLearning.csproj", "{85438F39-96DD-4C6B-A973-B749EE1E882D}"
EndProject
Project("{FAE04EC0-301F-11D3-BF4B-00C04F79EFBC}") = "MVCLearning.Tests", "MVCLearning.Tests\MVCLearning.Tests.csproj", "{83737552-E0C2-4A7D-9C32-A317A37CB58D}"
EndProject
Project("{FAE04EC0-301F-11D3-BF4B-00C04F79EFBC}") = "MvcMusicStore", "MvcMusicStore\MvcMusicStore.csproj", "{D696861F-9A51-4538-B297-DEA7F60A1AEB}"
EndProject
Project("{FAE04EC0-301F-11D3-BF4B-00C04F79EFBC}") = "AngularUpload", "AngularUpload\AngularUpload.csproj", "{A412A7BA-CE82-4DC1-94E6-7E6471C68317}"
EndProject
Project("{FAE04EC0-301F-11D3-BF4B-00C04F79EFBC}") = "AngularMVCFileUpload", "AngularMVCFileUpload\AngularMVCFileUpload.csproj", "{AD814E1D-9BD6-4436-82BC-901D6210DFE7}"
EndProject
Project("{FAE04EC0-301F-11D3-BF4B-00C04F79EFBC}") = "AngularFileUpload", "AngularFileUpload\AngularFileUpload.csproj", "{A355047A-B6F8-4ACB-9413-9F3634A52A48}"
EndProject
Global
	GlobalSection(SolutionConfigurationPlatforms) = preSolution
		Debug|Any CPU = Debug|Any CPU
		Release|Any CPU = Release|Any CPU
	EndGlobalSection
	GlobalSection(ProjectConfigurationPlatforms) = postSolution
		{85438F39-96DD-4C6B-A973-B749EE1E882D}.Debug|Any CPU.ActiveCfg = Debug|Any CPU
		{85438F39-96DD-4C6B-A973-B749EE1E882D}.Debug|Any CPU.Build.0 = Debug|Any CPU
		{85438F39-96DD-4C6B-A973-B749EE1E882D}.Release|Any CPU.ActiveCfg = Release|Any CPU
		{85438F39-96DD-4C6B-A973-B749EE1E882D}.Release|Any CPU.Build.0 = Release|Any CPU
		{83737552-E0C2-4A7D-9C32-A317A37CB58D}.Debug|Any CPU.ActiveCfg = Debug|Any CPU
		{83737552-E0C2-4A7D-9C32-A317A37CB58D}.Debug|Any CPU.Build.0 = Debug|Any CPU
		{83737552-E0C2-4A7D-9C32-A317A37CB58D}.Release|Any CPU.ActiveCfg = Release|Any CPU
		{83737552-E0C2-4A7D-9C32-A317A37CB58D}.Release|Any CPU.Build.0 = Release|Any CPU
		{D696861F-9A51-4538-B297-DEA7F60A1AEB}.Debug|Any CPU.ActiveCfg = Debug|Any CPU
		{D696861F-9A51-4538-B297-DEA7F60A1AEB}.Debug|Any CPU.Build.0 = Debug|Any CPU
		{D696861F-9A51-4538-B297-DEA7F60A1AEB}.Release|Any CPU.ActiveCfg = Release|Any CPU
		{D696861F-9A51-4538-B297-DEA7F60A1AEB}.Release|Any CPU.Build.0 = Release|Any CPU
		{A412A7BA-CE82-4DC1-94E6-7E6471C68317}.Debug|Any CPU.ActiveCfg = Debug|Any CPU
		{A412A7BA-CE82-4DC1-94E6-7E6471C68317}.Debug|Any CPU.Build.0 = Debug|Any CPU
		{A412A7BA-CE82-4DC1-94E6-7E6471C68317}.Release|Any CPU.ActiveCfg = Release|Any CPU
		{A412A7BA-CE82-4DC1-94E6-7E6471C68317}.Release|Any CPU.Build.0 = Release|Any CPU
		{AD814E1D-9BD6-4436-82BC-901D6210DFE7}.Debug|Any CPU.ActiveCfg = Debug|Any CPU
		{AD814E1D-9BD6-4436-82BC-901D6210DFE7}.Debug|Any CPU.Build.0 = Debug|Any CPU
		{AD814E1D-9BD6-4436-82BC-901D6210DFE7}.Release|Any CPU.ActiveCfg = Release|Any CPU
		{AD814E1D-9BD6-4436-82BC-901D6210DFE7}.Release|Any CPU.Build.0 = Release|Any CPU
		{A355047A-B6F8-4ACB-9413-9F3634A52A48}.Debug|Any CPU.ActiveCfg = Debug|Any CPU
		{A355047A-B6F8-4ACB-9413-9F3634A52A48}.Debug|Any CPU.Build.0 = Debug|Any CPU
		{A355047A-B6F8-4ACB-9413-9F3634A52A48}.Release|Any CPU.ActiveCfg = Release|Any CPU
		{A355047A-B6F8-4ACB-9413-9F3634A52A48}.Release|Any CPU.Build.0 = Release|Any CPU
	EndGlobalSection
	GlobalSection(SolutionProperties) = preSolution
		HideSolutionNode = FALSE
	EndGlobalSection
EndGlobal
